
Microsoft Visual Studio Solution File, Format Version 12.00
# Visual Studio Version 16
VisualStudioVersion = 16.0.31402.337
MinimumVisualStudioVersion = 10.0.40219.1
Project("{FAE04EC0-301F-11D3-BF4B-00C04F79EFBC}") = "Indo.Abp.AspNetCore.Mvc.UI.Theme.Gojazz", "Indo.Abp.AspNetCore.Mvc.UI.Theme.Gojazz.csproj", "{D405640E-D1F8-40CB-93EF-819FFB76BBD6}"
EndProject
Global
	GlobalSection(SolutionConfigurationPlatforms) = preSolution
		Debug|Any CPU = Debug|Any CPU
		Release|Any CPU = Release|Any CPU
	EndGlobalSection
	GlobalSection(ProjectConfigurationPlatforms) = postSolution
		{D405640E-D1F8-40CB-93EF-819FFB76BBD6}.Debug|Any CPU.ActiveCfg = Debug|Any CPU
		{D405640E-D1F8-40CB-93EF-819FFB76BBD6}.Debug|Any CPU.Build.0 = Debug|Any CPU
		{D405640E-D1F8-40CB-93EF-819FFB76BBD6}.Release|Any CPU.ActiveCfg = Release|Any CPU
		{D405640E-D1F8-40CB-93EF-819FFB76BBD6}.Release|Any CPU.Build.0 = Release|Any CPU
	EndGlobalSection
	GlobalSection(SolutionProperties) = preSolution
		HideSolutionNode = FALSE
	EndGlobalSection
	GlobalSection(ExtensibilityGlobals) = postSolution
		SolutionGuid = {C2C96190-A30F-4CFC-A38A-73634159CC13}
	EndGlobalSection
EndGlobal
